// !$*UTF8*$!
{
	archiveVersion = 1;
	classes = {
	};
	objectVersion = 46;
	objects = {

/* Begin PBXBuildFile section */
		F517ABB31F92C96900F5E72B /* AppDelegate.swift in Sources */ = {isa = PBXBuildFile; fileRef = F517ABB21F92C96900F5E72B /* AppDelegate.swift */; };
		F517ABB51F92C96900F5E72B /* ViewController.swift in Sources */ = {isa = PBXBuildFile; fileRef = F517ABB41F92C96900F5E72B /* ViewController.swift */; };
		F517ABB81F92C96900F5E72B /* Main.storyboard in Resources */ = {isa = PBXBuildFile; fileRef = F517ABB61F92C96900F5E72B /* Main.storyboard */; };
		F517ABBA1F92C96900F5E72B /* Assets.xcassets in Resources */ = {isa = PBXBuildFile; fileRef = F517ABB91F92C96900F5E72B /* Assets.xcassets */; };
		F517ABBD1F92C96900F5E72B /* LaunchScreen.storyboard in Resources */ = {isa = PBXBuildFile; fileRef = F517ABBB1F92C96900F5E72B /* LaunchScreen.storyboard */; };
		F517ABC51F92D0E800F5E72B /* Settings.swift in Sources */ = {isa = PBXBuildFile; fileRef = F517ABC41F92D0E800F5E72B /* Settings.swift */; };
/* End PBXBuildFile section */

/* Begin PBXFileReference section */
		F517ABAF1F92C96900F5E72B /* FocusTime.app */ = {isa = PBXFileReference; explicitFileType = wrapper.application; includeInIndex = 0; path = FocusTime.app; sourceTree = BUILT_PRODUCTS_DIR; };
		F517ABB21F92C96900F5E72B /* AppDelegate.swift */ = {isa = PBXFileReference; lastKnownFileType = sourcecode.swift; path = AppDelegate.swift; sourceTree = "<group>"; };
		F517ABB41F92C96900F5E72B /* ViewController.swift */ = {isa = PBXFileReference; lastKnownFileType = sourcecode.swift; path = ViewController.swift; sourceTree = "<group>"; };
		F517ABB71F92C96900F5E72B /* Base */ = {isa = PBXFileReference; lastKnownFileType = file.storyboard; name = Base; path = Base.lproj/Main.storyboard; sourceTree = "<group>"; };
		F517ABB91F92C96900F5E72B /* Assets.xcassets */ = {isa = PBXFileReference; lastKnownFileType = folder.assetcatalog; path = Assets.xcassets; sourceTree = "<group>"; };
		F517ABBC1F92C96900F5E72B /* Base */ = {isa = PBXFileReference; lastKnownFileType = file.storyboard; name = Base; path = Base.lproj/LaunchScreen.storyboard; sourceTree = "<group>"; };
		F517ABBE1F92C96900F5E72B /* Info.plist */ = {isa = PBXFileReference; lastKnownFileType = text.plist.xml; path = Info.plist; sourceTree = "<group>"; };
		F517ABC41F92D0E800F5E72B /* Settings.swift */ = {isa = PBXFileReference; fileEncoding = 4; lastKnownFileType = sourcecode.swift; path = Settings.swift; sourceTree = "<group>"; };
/* End PBXFileReference section */

/* Begin PBXFrameworksBuildPhase section */
		F517ABAC1F92C96900F5E72B /* Frameworks */ = {
			isa = PBXFrameworksBuildPhase;
			buildActionMask = 2147483647;
			files = (
			);
			runOnlyForDeploymentPostprocessing = 0;
		};
/* End PBXFrameworksBuildPhase section */

/* Begin PBXGroup section */
		F517ABA61F92C96900F5E72B = {
			isa = PBXGroup;
			children = (
				F517ABB11F92C96900F5E72B /* FocusTime */,
				F517ABB01F92C96900F5E72B /* Products */,
			);
			sourceTree = "<group>";
		};
		F517ABB01F92C96900F5E72B /* Products */ = {
			isa = PBXGroup;
			children = (
				F517ABAF1F92C96900F5E72B /* FocusTime.app */,
			);
			name = Products;
			sourceTree = "<group>";
		};
		F517ABB11F92C96900F5E72B /* FocusTime */ = {
			isa = PBXGroup;
			children = (
				F517ABB21F92C96900F5E72B /* AppDelegate.swift */,
				F517ABB41F92C96900F5E72B /* ViewController.swift */,
				F517ABC41F92D0E800F5E72B /* Settings.swift */,
				F517ABB61F92C96900F5E72B /* Main.storyboard */,
				F517ABB91F92C96900F5E72B /* Assets.xcassets */,
				F517ABBB1F92C96900F5E72B /* LaunchScreen.storyboard */,
				F517ABBE1F92C96900F5E72B /* Info.plist */,
			);
			path = FocusTime;
			sourceTree = "<group>";
		};
/* End PBXGroup section */

/* Begin PBXNativeTarget section */
		F517ABAE1F92C96900F5E72B /* FocusTime */ = {
			isa = PBXNativeTarget;
			buildConfigurationList = F517ABC11F92C96900F5E72B /* Build configuration list for PBXNativeTarget "FocusTime" */;
			buildPhases = (
				F517ABAB1F92C96900F5E72B /* Sources */,
				F517ABAC1F92C96900F5E72B /* Frameworks */,
				F517ABAD1F92C96900F5E72B /* Resources */,
			);
			buildRules = (
			);
			dependencies = (
			);
			name = FocusTime;
			productName = FocusTime;
			productReference = F517ABAF1F92C96900F5E72B /* FocusTime.app */;
			productType = "com.apple.product-type.application";
		};
/* End PBXNativeTarget section */

/* Begin PBXProject section */
		F517ABA71F92C96900F5E72B /* Project object */ = {
			isa = PBXProject;
			attributes = {
				LastSwiftUpdateCheck = 0830;
				LastUpgradeCheck = 0830;
				ORGANIZATIONNAME = "Dino Andrighetto";
				TargetAttributes = {
					F517ABAE1F92C96900F5E72B = {
						CreatedOnToolsVersion = 8.3.3;
						ProvisioningStyle = Automatic;
					};
				};
			};
			buildConfigurationList = F517ABAA1F92C96900F5E72B /* Build configuration list for PBXProject "FocusTime" */;
			compatibilityVersion = "Xcode 3.2";
			developmentRegion = English;
			hasScannedForEncodings = 0;
			knownRegions = (
				en,
				Base,
			);
			mainGroup = F517ABA61F92C96900F5E72B;
			productRefGroup = F517ABB01F92C96900F5E72B /* Products */;
			projectDirPath = "";
			projectRoot = "";
			targets = (
				F517ABAE1F92C96900F5E72B /* FocusTime */,
			);
		};
/* End PBXProject section */

/* Begin PBXResourcesBuildPhase section */
		F517ABAD1F92C96900F5E72B /* Resources */ = {
			isa = PBXResourcesBuildPhase;
			buildActionMask = 2147483647;
			files = (
				F517ABBD1F92C96900F5E72B /* LaunchScreen.storyboard in Resources */,
				F517ABBA1F92C96900F5E72B /* Assets.xcassets in Resources */,
				F517ABB81F92C96900F5E72B /* Main.storyboard in Resources */,
			);
			runOnlyForDeploymentPostprocessing = 0;
		};
/* End PBXResourcesBuildPhase section */

/* Begin PBXSourcesBuildPhase section */
		F517ABAB1F92C96900F5E72B /* Sources */ = {
			isa = PBXSourcesBuildPhase;
			buildActionMask = 2147483647;
			files = (
				F517ABC51F92D0E800F5E72B /* Settings.swift in Sources */,
				F517ABB51F92C96900F5E72B /* ViewController.swift in Sources */,
				F517ABB31F92C96900F5E72B /* AppDelegate.swift in Sources */,
			);
			runOnlyForDeploymentPostprocessing = 0;
		};
/* End PBXSourcesBuildPhase section */

/* Begin PBXVariantGroup section */
		F517ABB61F92C96900F5E72B /* Main.storyboard */ = {
			isa = PBXVariantGroup;
			children = (
				F517ABB71F92C96900F5E72B /* Base */,
			);
			name = Main.storyboard;
			sourceTree = "<group>";
		};
		F517ABBB1F92C96900F5E72B /* LaunchScreen.storyboard */ = {
			isa = PBXVariantGroup;
			children = (
				F517ABBC1F92C96900F5E72B /* Base */,
			);
			name = LaunchScreen.storyboard;
			sourceTree = "<group>";
		};
/* End PBXVariantGroup section */

/* Begin XCBuildConfiguration section */
		F517ABBF1F92C96900F5E72B /* Debug */ = {
			isa = XCBuildConfiguration;
			buildSettings = {
				ALWAYS_SEARCH_USER_PATHS = NO;
				CLANG_ANALYZER_NONNULL = YES;
				CLANG_ANALYZER_NUMBER_OBJECT_CONVERSION = YES_AGGRESSIVE;
				CLANG_CXX_LANGUAGE_STANDARD = "gnu++0x";
				CLANG_CXX_LIBRARY = "libc++";
				CLANG_ENABLE_MODULES = YES;
				CLANG_ENABLE_OBJC_ARC = YES;
				CLANG_WARN_BOOL_CONVERSION = YES;
				CLANG_WARN_CONSTANT_CONVERSION = YES;
				CLANG_WARN_DIRECT_OBJC_ISA_USAGE = YES_ERROR;
				CLANG_WARN_DOCUMENTATION_COMMENTS = YES;
				CLANG_WARN_EMPTY_BODY = YES;
				CLANG_WARN_ENUM_CONVERSION = YES;
				CLANG_WARN_INFINITE_RECURSION = YES;
				CLANG_WARN_INT_CONVERSION = YES;
				CLANG_WARN_OBJC_ROOT_CLASS = YES_ERROR;
				CLANG_WARN_SUSPICIOUS_MOVE = YES;
				CLANG_WARN_UNREACHABLE_CODE = YES;
				CLANG_WARN__DUPLICATE_METHOD_MATCH = YES;
				"CODE_SIGN_IDENTITY[sdk=iphoneos*]" = "iPhone Developer";
				COPY_PHASE_STRIP = NO;
				DEBUG_INFORMATION_FORMAT = dwarf;
				ENABLE_STRICT_OBJC_MSGSEND = YES;
				ENABLE_TESTABILITY = YES;
				GCC_C_LANGUAGE_STANDARD = gnu99;
				GCC_DYNAMIC_NO_PIC = NO;
				GCC_NO_COMMON_BLOCKS = YES;
				GCC_OPTIMIZATION_LEVEL = 0;
				GCC_PREPROCESSOR_DEFINITIONS = (
					"DEBUG=1",
					"$(inherited)",
				);
				GCC_WARN_64_TO_32_BIT_CONVERSION = YES;
				GCC_WARN_ABOUT_RETURN_TYPE = YES_ERROR;
				GCC_WARN_UNDECLARED_SELECTOR = YES;
				GCC_WARN_UNINITIALIZED_AUTOS = YES_AGGRESSIVE;
				GCC_WARN_UNUSED_FUNCTION = YES;
				GCC_WARN_UNUSED_VARIABLE = YES;
				IPHONEOS_DEPLOYMENT_TARGET = 10.3;
				MTL_ENABLE_DEBUG_INFO = YES;
				ONLY_ACTIVE_ARCH = YES;
				SDKROOT = iphoneos;
				SWIFT_ACTIVE_COMPILATION_CONDITIONS = DEBUG;
				SWIFT_OPTIMIZATION_LEVEL = "-Onone";
				TARGETED_DEVICE_FAMILY = "1,2";
			};
			name = Debug;
		};
		F517ABC01F92C96900F5E72B /* Release */ = {
			isa = XCBuildConfiguration;
			buildSettings = {
				ALWAYS_SEARCH_USER_PATHS = NO;
				CLANG_ANALYZER_NONNULL = YES;
				CLANG_ANALYZER_NUMBER_OBJECT_CONVERSION = YES_AGGRESSIVE;
				CLANG_CXX_LANGUAGE_STANDARD = "gnu++0x";
				CLANG_CXX_LIBRARY = "libc++";
				CLANG_ENABLE_MODULES = YES;
				CLANG_ENABLE_OBJC_ARC = YES;
				CLANG_WARN_BOOL_CONVERSION = YES;
				CLANG_WARN_CONSTANT_CONVERSION = YES;
				CLANG_WARN_DIRECT_OBJC_ISA_USAGE = YES_ERROR;
				CLANG_WARN_DOCUMENTATION_COMMENTS = YES;
				CLANG_WARN_EMPTY_BODY = YES;
				CLANG_WARN_ENUM_CONVERSION = YES;
				CLANG_WARN_INFINITE_RECURSION = YES;
				CLANG_WARN_INT_CONVERSION = YES;
				CLANG_WARN_OBJC_ROOT_CLASS = YES_ERROR;
				CLANG_WARN_SUSPICIOUS_MOVE = YES;
				CLANG_WARN_UNREACHABLE_CODE = YES;
				CLANG_WARN__DUPLICATE_METHOD_MATCH = YES;
				"CODE_SIGN_IDENTITY[sdk=iphoneos*]" = "iPhone Developer";
				COPY_PHASE_STRIP = NO;
				DEBUG_INFORMATION_FORMAT = "dwarf-with-dsym";
				ENABLE_NS_ASSERTIONS = NO;
				ENABLE_STRICT_OBJC_MSGSEND = YES;
				GCC_C_LANGUAGE_STANDARD = gnu99;
				GCC_NO_COMMON_BLOCKS = YES;
				GCC_WARN_64_TO_32_BIT_CONVERSION = YES;
				GCC_WARN_ABOUT_RETURN_TYPE = YES_ERROR;
				GCC_WARN_UNDECLARED_SELECTOR = YES;
				GCC_WARN_UNINITIALIZED_AUTOS = YES_AGGRESSIVE;
				GCC_WARN_UNUSED_FUNCTION = YES;
				GCC_WARN_UNUSED_VARIABLE = YES;
				IPHONEOS_DEPLOYMENT_TARGET = 10.3;
				MTL_ENABLE_DEBUG_INFO = NO;
				SDKROOT = iphoneos;
				SWIFT_OPTIMIZATION_LEVEL = "-Owholemodule";
				TARGETED_DEVICE_FAMILY = "1,2";
				VALIDATE_PRODUCT = YES;
			};
			name = Release;
		};
		F517ABC21F92C96900F5E72B /* Debug */ = {
			isa = XCBuildConfiguration;
			buildSettings = {
				ASSETCATALOG_COMPILER_APPICON_NAME = AppIcon;
				INFOPLIST_FILE = FocusTime/Info.plist;
				LD_RUNPATH_SEARCH_PATHS = "$(inherited) @executable_path/Frameworks";
				PRODUCT_BUNDLE_IDENTIFIER = com.deenodesign.FocusTime;
				PRODUCT_NAME = "$(TARGET_NAME)";
				SWIFT_VERSION = 3.0;
			};
			name = Debug;
		};
		F517ABC31F92C96900F5E72B /* Release */ = {
			isa = XCBuildConfiguration;
			buildSettings = {
				ASSETCATALOG_COMPILER_APPICON_NAME = AppIcon;
				INFOPLIST_FILE = FocusTime/Info.plist;
				LD_RUNPATH_SEARCH_PATHS = "$(inherited) @executable_path/Frameworks";
				PRODUCT_BUNDLE_IDENTIFIER = com.deenodesign.FocusTime;
				PRODUCT_NAME = "$(TARGET_NAME)";
				SWIFT_VERSION = 3.0;
			};
			name = Release;
		};
/* End XCBuildConfiguration section */

/* Begin XCConfigurationList section */
		F517ABAA1F92C96900F5E72B /* Build configuration list for PBXProject "FocusTime" */ = {
			isa = XCConfigurationList;
			buildConfigurations = (
				F517ABBF1F92C96900F5E72B /* Debug */,
				F517ABC01F92C96900F5E72B /* Release */,
			);
			defaultConfigurationIsVisible = 0;
			defaultConfigurationName = Release;
		};
		F517ABC11F92C96900F5E72B /* Build configuration list for PBXNativeTarget "FocusTime" */ = {
			isa = XCConfigurationList;
			buildConfigurations = (
				F517ABC21F92C96900F5E72B /* Debug */,
				F517ABC31F92C96900F5E72B /* Release */,
			);
			defaultConfigurationIsVisible = 0;
		};
/* End XCConfigurationList section */
	};
	rootObject = F517ABA71F92C96900F5E72B /* Project object */;
}
